
Microsoft Visual Studio Solution File, Format Version 12.00
# Visual Studio 15
VisualStudioVersion = 15.0.28307.1500
MinimumVisualStudioVersion = 10.0.40219.1
Project("{FAE04EC0-301F-11D3-BF4B-00C04F79EFBC}") = "Lab4", "Lab4\Lab4.csproj", "{DFB39E05-2CAD-4103-865B-A55C4B9DDFB5}"
EndProject
Global
	GlobalSection(SolutionConfigurationPlatforms) = preSolution
		Debug|Any CPU = Debug|Any CPU
		Release|Any CPU = Release|Any CPU
	EndGlobalSection
	GlobalSection(ProjectConfigurationPlatforms) = postSolution
		{DFB39E05-2CAD-4103-865B-A55C4B9DDFB5}.Debug|Any CPU.ActiveCfg = Debug|Any CPU
		{DFB39E05-2CAD-4103-865B-A55C4B9DDFB5}.Debug|Any CPU.Build.0 = Debug|Any CPU
		{DFB39E05-2CAD-4103-865B-A55C4B9DDFB5}.Release|Any CPU.ActiveCfg = Release|Any CPU
		{DFB39E05-2CAD-4103-865B-A55C4B9DDFB5}.Release|Any CPU.Build.0 = Release|Any CPU
	EndGlobalSection
	GlobalSection(SolutionProperties) = preSolution
		HideSolutionNode = FALSE
	EndGlobalSection
	GlobalSection(ExtensibilityGlobals) = postSolution
		SolutionGuid = {7543AFA1-2299-4B81-973E-8FB7359F723C}
	EndGlobalSection
EndGlobal
